# This file is autogenerated, do not edit; changes may be undone by the next 'dep ensure'.


[[projects]]
  branch = "master"
  digest = "1:3d99f20d91e1316aaf98852e1ac3e93cb0cdf092e797634298de106b30438376"
  name = "github.com/cloudogu/carp"
  packages = ["."]
  pruneopts = "UT"
  revision = "caa2b3a66eede5b1757c331318623a109d323a84"

[[projects]]
  branch = "develop"
  digest = "1:ff4d590336254226a37ed533e7c6b7b9238e4e1624fc49cdc5d210afb5088b13"
  name = "github.com/cloudogu/go-cas"
  packages = ["."]
  pruneopts = "UT"
  revision = "79363c85aac4a62187e1b960a53c37f8d79f02c3"

[[projects]]
  branch = "master"
  digest = "1:b28f2e1f5ef9362d077aeebfc79a3b9be509e4cd0b36519f11ea34b29015a5cc"
  name = "github.com/cloudogu/go-health"
  packages = ["."]
  pruneopts = "UT"
  revision = "e96095b4c224b2001454d236222acfc5dd522c98"

[[projects]]
  digest = "1:31ebad938e1bfe968cb9aa4857b3d7118bab1de9db588c0b5ea019bd03795bea"
  name = "github.com/cloudogu/nexus-scripting"
  packages = ["manager"]
  pruneopts = "UT"
  revision = "f2c98b9e4cd2710ae14fc075ff372043a1364aeb"
  version = "v0.2.0"

[[projects]]
  digest = "1:ffe9824d294da03b391f44e1ae8281281b4afc1bdaa9588c9097785e3af10cec"
  name = "github.com/davecgh/go-spew"
  packages = ["spew"]
  pruneopts = "UT"
  revision = "8991bc29aa16c548c550c7ff78260e27b9ab7c73"
  version = "v1.1.1"

[[projects]]
  branch = "master"
  digest = "1:1ba1d79f2810270045c328ae5d674321db34e3aae468eb4233883b473c5c0467"
  name = "github.com/golang/glog"
  packages = ["."]
  pruneopts = "UT"
  revision = "23def4e6c14b4da8ac2ed8007337bc5eb5007998"

[[projects]]
  branch = "master"
  digest = "1:521455a43b348afa7e4deb79c471f3ed8ff04a71d7d9b88ab0d149b9eb905fe2"
  name = "github.com/gorilla/websocket"
  packages = ["."]
  pruneopts = "UT"
  revision = "95ba29eb981bbb27d92e1f70bf8a1949452d926b"

[[projects]]
  digest = "1:0a69a1c0db3591fcefb47f115b224592c8dfa4368b7ba9fae509d5e16cdc95c8"
  name = "github.com/konsorten/go-windows-terminal-sequences"
  packages = ["."]
  pruneopts = "UT"
  revision = "5c8c8bd35d3832f5d134ae1e1e375b69a4d25242"
  version = "v1.0.1"

[[projects]]
  digest = "1:808cdddf087fb64baeae67b8dfaee2069034d9704923a3cb8bd96a995421a625"
  name = "github.com/patrickmn/go-cache"
  packages = ["."]
  pruneopts = "UT"
  revision = "a3647f8e31d79543b2d0f0ae2fe5c379d72cedc0"
  version = "v2.1.0"

[[projects]]
  digest = "1:cf31692c14422fa27c83a05292eb5cbe0fb2775972e8f1f8446a71549bd8980b"
  name = "github.com/pkg/errors"
  packages = ["."]
  pruneopts = "UT"
  revision = "ba968bfe8b2f7e042a574c888954fccecfa385b4"
  version = "v0.8.1"

[[projects]]
  digest = "1:0028cb19b2e4c3112225cd871870f2d9cf49b9b4276531f03438a88e94be86fe"
  name = "github.com/pmezard/go-difflib"
  packages = ["difflib"]
  pruneopts = "UT"
  revision = "792786c7400a136282c1664665ae0a8db921c6c2"
  version = "v1.0.0"

[[projects]]
  digest = "1:87c2e02fb01c27060ccc5ba7c5a407cc91147726f8f40b70cceeedbc52b1f3a8"
  name = "github.com/sirupsen/logrus"
  packages = ["."]
  pruneopts = "UT"
  revision = "e1e72e9de974bd926e5c56f83753fba2df402ce5"
  version = "v1.3.0"

[[projects]]
  digest = "1:972c2427413d41a1e06ca4897e8528e5a1622894050e2f527b38ddf0f343f759"
  name = "github.com/stretchr/testify"
  packages = ["assert"]
  pruneopts = "UT"
  revision = "ffdc059bfe9ce6a4e144ba849dbedead332c6053"
  version = "v1.3.0"

[[projects]]
  branch = "master"
  digest = "1:0877288e6efb85b09f28015edc092765e4d9122b6388b8a62497a8cdebde62c6"
  name = "github.com/vulcand/oxy"
  packages = [
    "forward",
    "utils",
  ]
  pruneopts = "UT"
  revision = "c34b0c501e43223bc816ac9b40b0ac29c44c8952"

[[projects]]
  branch = "master"
  digest = "1:fde12c4da6237363bf36b81b59aa36a43d28061167ec4acb0d41fc49464e28b9"
  name = "golang.org/x/crypto"
  packages = ["ssh/terminal"]
  pruneopts = "UT"
  revision = "b01c7a72566457eb1420261cdafef86638fc3861"

[[projects]]
  branch = "master"
  digest = "1:7941e2f16c0833b438cbef7fccfe4f8346f9f7876b42b29717a75d7e8c4800cb"
  name = "golang.org/x/sys"
  packages = [
    "unix",
    "windows",
  ]
  pruneopts = "UT"
  revision = "aca44879d5644da7c5b8ec6a1115e9b6ea6c40d9"

[[projects]]
  digest = "1:4d2e5a73dc1500038e504a8d78b986630e3626dc027bc030ba5c75da257cdb96"
  name = "gopkg.in/yaml.v2"
  packages = ["."]
  pruneopts = "UT"
  revision = "51d6538a90f86fe93ac480b35f37b2be17fef232"
  version = "v2.2.2"

[solve-meta]
  analyzer-name = "dep"
  analyzer-version = 1
  input-imports = [
    "github.com/cloudogu/carp",
    "github.com/cloudogu/go-health",
    "github.com/cloudogu/nexus-scripting/manager",
    "github.com/golang/glog",
    "github.com/pkg/errors",
    "github.com/stretchr/testify/assert",
  ]
  solver-name = "gps-cdcl"
  solver-version = 1
