# This file is autogenerated, do not edit; changes may be undone by the next 'dep ensure'.


[[projects]]
  branch = "master"
  digest = "1:548f89d972f7030b50ce8aad1f1b80b2175f3d404c49074abb8050307644450b"
  name = "github.com/cloudogu/carp"
  packages = ["."]
  pruneopts = "UT"
  revision = "3ae0ef776b2f7103f67b41bfa5f57e5aacf5bedb"

[[projects]]
  digest = "1:a1ee9265080765f75b3c35eed66a11f796d1a4bb042dd53e50e97fa08d1c18b2"
  name = "github.com/cloudogu/go-cas"
  packages = ["."]
  pruneopts = "UT"
  revision = "2aebb218808d1905e978c9d34d3c746a2fbbb8e2"
  version = "v2.2.2"

[[projects]]
  branch = "master"
  digest = "1:b28f2e1f5ef9362d077aeebfc79a3b9be509e4cd0b36519f11ea34b29015a5cc"
  name = "github.com/cloudogu/go-health"
  packages = ["."]
  pruneopts = "UT"
  revision = "e96095b4c224b2001454d236222acfc5dd522c98"

[[projects]]
  digest = "1:31ebad938e1bfe968cb9aa4857b3d7118bab1de9db588c0b5ea019bd03795bea"
  name = "github.com/cloudogu/nexus-scripting"
  packages = ["manager"]
  pruneopts = "UT"
  revision = "f2c98b9e4cd2710ae14fc075ff372043a1364aeb"
  version = "v0.2.0"

[[projects]]
  digest = "1:ffe9824d294da03b391f44e1ae8281281b4afc1bdaa9588c9097785e3af10cec"
  name = "github.com/davecgh/go-spew"
  packages = ["spew"]
  pruneopts = "UT"
  revision = "8991bc29aa16c548c550c7ff78260e27b9ab7c73"
  version = "v1.1.1"

[[projects]]
  branch = "master"
  digest = "1:1ba1d79f2810270045c328ae5d674321db34e3aae468eb4233883b473c5c0467"
  name = "github.com/golang/glog"
  packages = ["."]
  pruneopts = "UT"
  revision = "23def4e6c14b4da8ac2ed8007337bc5eb5007998"

[[projects]]
  branch = "master"
  digest = "1:b9bcacf2d59befcb6feed27d787c06f78e8fafdcd880f422f1db0fd332ddb02c"
  name = "github.com/gorilla/websocket"
  packages = ["."]
  pruneopts = "UT"
  revision = "80c2d40e9b91f2ef7a9c1a403aeec64d1b89a9a6"

[[projects]]
  digest = "1:31e761d97c76151dde79e9d28964a812c46efc5baee4085b86f68f0c654450de"
  name = "github.com/konsorten/go-windows-terminal-sequences"
  packages = ["."]
  pruneopts = "UT"
  revision = "f55edac94c9bbba5d6182a4be46d86a2c9b5b50e"
  version = "v1.0.2"

[[projects]]
  digest = "1:5b3b29ce0e569f62935d9541dff2e16cc09df981ebde48e82259076a73a3d0c7"
  name = "github.com/op/go-logging"
  packages = ["."]
  pruneopts = "UT"
  revision = "b2cb9fa56473e98db8caba80237377e83fe44db5"
  version = "v1"

[[projects]]
  digest = "1:808cdddf087fb64baeae67b8dfaee2069034d9704923a3cb8bd96a995421a625"
  name = "github.com/patrickmn/go-cache"
  packages = ["."]
  pruneopts = "UT"
  revision = "a3647f8e31d79543b2d0f0ae2fe5c379d72cedc0"
  version = "v2.1.0"

[[projects]]
  digest = "1:cf31692c14422fa27c83a05292eb5cbe0fb2775972e8f1f8446a71549bd8980b"
  name = "github.com/pkg/errors"
  packages = ["."]
  pruneopts = "UT"
  revision = "ba968bfe8b2f7e042a574c888954fccecfa385b4"
  version = "v0.8.1"

[[projects]]
  digest = "1:0028cb19b2e4c3112225cd871870f2d9cf49b9b4276531f03438a88e94be86fe"
  name = "github.com/pmezard/go-difflib"
  packages = ["difflib"]
  pruneopts = "UT"
  revision = "792786c7400a136282c1664665ae0a8db921c6c2"
  version = "v1.0.0"

[[projects]]
  digest = "1:04457f9f6f3ffc5fea48e71d62f2ca256637dee0a04d710288e27e05c8b41976"
  name = "github.com/sirupsen/logrus"
  packages = ["."]
  pruneopts = "UT"
  revision = "839c75faf7f98a33d445d181f3018b5c3409a45e"
  version = "v1.4.2"

[[projects]]
  digest = "1:972c2427413d41a1e06ca4897e8528e5a1622894050e2f527b38ddf0f343f759"
  name = "github.com/stretchr/testify"
  packages = ["assert"]
  pruneopts = "UT"
  revision = "ffdc059bfe9ce6a4e144ba849dbedead332c6053"
  version = "v1.3.0"

[[projects]]
  branch = "master"
  digest = "1:c32f0bb8dc6d999dafa0b3b59b3c7851cda7bbba66994f25901d4ad36be3fa62"
  name = "github.com/vulcand/oxy"
  packages = [
    "forward",
    "utils",
  ]
  pruneopts = "UT"
  revision = "0d102f45103cf49a95b5c6e810e092973cbcb68c"

[[projects]]
  branch = "master"
  digest = "1:6ed9319f79a63e30779042ef237f81770df4091866e43f84a643257384b0aefc"
  name = "golang.org/x/sys"
  packages = ["unix"]
  pruneopts = "UT"
  revision = "8097e1b27ff5e40620836729a9584e91b094b062"

[[projects]]
  digest = "1:4d2e5a73dc1500038e504a8d78b986630e3626dc027bc030ba5c75da257cdb96"
  name = "gopkg.in/yaml.v2"
  packages = ["."]
  pruneopts = "UT"
  revision = "51d6538a90f86fe93ac480b35f37b2be17fef232"
  version = "v2.2.2"

[solve-meta]
  analyzer-name = "dep"
  analyzer-version = 1
  input-imports = [
    "github.com/cloudogu/carp",
    "github.com/cloudogu/go-health",
    "github.com/cloudogu/nexus-scripting/manager",
    "github.com/op/go-logging",
    "github.com/pkg/errors",
    "github.com/stretchr/testify/assert",
  ]
  solver-name = "gps-cdcl"
  solver-version = 1
