# This file is autogenerated, do not edit; changes may be undone by the next 'dep ensure'.


[[projects]]
  branch = "master"
  name = "github.com/cloudogu/carp"
  packages = ["."]
  revision = "200712939c99a06fd9c8277973b2f8023f799db4"

[[projects]]
  name = "github.com/cloudogu/go-cas"
  packages = ["."]
  revision = "91363f7a52d9b582b6c7f4281238c99f81789d1a"

[[projects]]
  name = "github.com/cloudogu/nexus-scripting"
  packages = ["manager"]
  revision = "3a4b67399f290aefdf0be9a9b418a2f637d8fad2"
  version = "v0.1.0"

[[projects]]
  branch = "master"
  name = "github.com/golang/glog"
  packages = ["."]
  revision = "23def4e6c14b4da8ac2ed8007337bc5eb5007998"

[[projects]]
  name = "github.com/gorilla/websocket"
  packages = ["."]
  revision = "ea4d1f681babbce9545c9c5f3d5194a789c89f5b"
  version = "v1.2.0"

[[projects]]
  name = "github.com/pkg/errors"
  packages = ["."]
  revision = "645ef00459ed84a119197bfb8d8205042c6df63d"
  version = "v0.8.0"

[[projects]]
  name = "github.com/sirupsen/logrus"
  packages = ["."]
  revision = "c155da19408a8799da419ed3eeb0cb5db0ad5dbc"
  version = "v1.0.5"

[[projects]]
  branch = "master"
  name = "github.com/vulcand/oxy"
  packages = [
    "forward",
    "utils"
  ]
  revision = "6956548a7fa4272adeadf828455109c53933ea86"

[[projects]]
  branch = "master"
  name = "golang.org/x/crypto"
  packages = ["ssh/terminal"]
  revision = "d6449816ce06963d9d136eee5a56fca5b0616e7e"

[[projects]]
  branch = "master"
  name = "golang.org/x/sys"
  packages = [
    "unix",
    "windows"
  ]
  revision = "2f57af4873d00d535c5c9028850aa2152e6a5566"

[[projects]]
  name = "gopkg.in/yaml.v2"
  packages = ["."]
  revision = "5420a8b6744d3b0345ab293f6fcba19c978f1183"
  version = "v2.2.1"

[solve-meta]
  analyzer-name = "dep"
  analyzer-version = 1
  inputs-digest = "b7a3974088629a2f6f3d6485fecfa9a7db3ccdc992c0c0412748e94424b07a80"
  solver-name = "gps-cdcl"
  solver-version = 1
